// !$*UTF8*$!
{
	archiveVersion = 1;
	classes = {
	};
	objectVersion = 55;
	objects = {

/* Begin PBXBuildFile section */
		383D2A21287C65DE00DAC25A /* PlaceViewController.swift in Sources */ = {isa = PBXBuildFile; fileRef = 383D2A20287C65DD00DAC25A /* PlaceViewController.swift */; };
		3844CEF92858CE8D000427C6 /* Table view.swift in Sources */ = {isa = PBXBuildFile; fileRef = 3844CEF82858CE8D000427C6 /* Table view.swift */; };
		3844CEFD2859DE7B000427C6 /* MarkerInfoView.swift in Sources */ = {isa = PBXBuildFile; fileRef = 3844CEFC2859DE7B000427C6 /* MarkerInfoView.swift */; };
		3844CF012859E04D000427C6 /* MarkerInfoView.xib in Resources */ = {isa = PBXBuildFile; fileRef = 3844CF002859E04D000427C6 /* MarkerInfoView.xib */; };
		3864407528647CAE0059939B /* FilterViewController.swift in Sources */ = {isa = PBXBuildFile; fileRef = 3864407428647CAE0059939B /* FilterViewController.swift */; };
		38644077286486040059939B /* CustomCell.swift in Sources */ = {isa = PBXBuildFile; fileRef = 38644076286486040059939B /* CustomCell.swift */; };
		3867230A284CC688000EAD14 /* AccountViewController.swift in Sources */ = {isa = PBXBuildFile; fileRef = 38672309284CC688000EAD14 /* AccountViewController.swift */; };
		3867230E284E7433000EAD14 /* UITextFieldDelegate.swift in Sources */ = {isa = PBXBuildFile; fileRef = 3867230D284E7433000EAD14 /* UITextFieldDelegate.swift */; };
		38672310284F88A7000EAD14 /* ChangePasswordViewController.swift in Sources */ = {isa = PBXBuildFile; fileRef = 3867230F284F88A7000EAD14 /* ChangePasswordViewController.swift */; };
		38809148287315B6001F56BE /* Person.swift in Sources */ = {isa = PBXBuildFile; fileRef = 38809147287315B6001F56BE /* Person.swift */; };
		3880914A287315EA001F56BE /* Places.swift in Sources */ = {isa = PBXBuildFile; fileRef = 38809149287315EA001F56BE /* Places.swift */; };
		3880915A28743E3F001F56BE /* GoogleService-Info.plist in Resources */ = {isa = PBXBuildFile; fileRef = 3880915928743E3F001F56BE /* GoogleService-Info.plist */; };
		3880915C28760FE9001F56BE /* FavoritesPlacesViewController.swift in Sources */ = {isa = PBXBuildFile; fileRef = 3880915B28760FE9001F56BE /* FavoritesPlacesViewController.swift */; };
		3880915E2876E146001F56BE /* VerticalCustomCellForCollectionView.swift in Sources */ = {isa = PBXBuildFile; fileRef = 3880915D2876E146001F56BE /* VerticalCustomCellForCollectionView.swift */; };
		3880916028770E00001F56BE /* HorisontalCustomCellForCollectionView.swift in Sources */ = {isa = PBXBuildFile; fileRef = 3880915F28770E00001F56BE /* HorisontalCustomCellForCollectionView.swift */; };
		3891107E2847D49D00EA462B /* MapViewController.swift in Sources */ = {isa = PBXBuildFile; fileRef = 3891107D2847D49C00EA462B /* MapViewController.swift */; };
		389110812847D4D100EA462B /* GMSMapViewDelegate.swift in Sources */ = {isa = PBXBuildFile; fileRef = 389110802847D4D100EA462B /* GMSMapViewDelegate.swift */; };
		389110832847D4E500EA462B /* CLLocationManagerDelegate.swift in Sources */ = {isa = PBXBuildFile; fileRef = 389110822847D4E500EA462B /* CLLocationManagerDelegate.swift */; };
		389110852847D50200EA462B /* UIGestureRecognizerDelegate.swift in Sources */ = {isa = PBXBuildFile; fileRef = 389110842847D50200EA462B /* UIGestureRecognizerDelegate.swift */; };
		389110872847D51500EA462B /* TableViewDelegate.swift in Sources */ = {isa = PBXBuildFile; fileRef = 389110862847D51500EA462B /* TableViewDelegate.swift */; };
		389110912847D6EC00EA462B /* darkStyle.json in Resources */ = {isa = PBXBuildFile; fileRef = 389110902847D6EC00EA462B /* darkStyle.json */; };
		389110932847D72C00EA462B /* lightStyle.json in Resources */ = {isa = PBXBuildFile; fileRef = 389110922847D72C00EA462B /* lightStyle.json */; };
		389110972848A22C00EA462B /* UIImagePickerControllerDelegate.swift in Sources */ = {isa = PBXBuildFile; fileRef = 389110962848A22C00EA462B /* UIImagePickerControllerDelegate.swift */; };
		3894DEDD286A204D00D52345 /* DataManager.swift in Sources */ = {isa = PBXBuildFile; fileRef = 3894DEDC286A204D00D52345 /* DataManager.swift */; };
		3896BC012847BBE40043BD6A /* AppDelegate.swift in Sources */ = {isa = PBXBuildFile; fileRef = 3896BC002847BBE40043BD6A /* AppDelegate.swift */; };
		3896BC032847BBE40043BD6A /* SceneDelegate.swift in Sources */ = {isa = PBXBuildFile; fileRef = 3896BC022847BBE40043BD6A /* SceneDelegate.swift */; };
		3896BC052847BBE40043BD6A /* LoginViewController.swift in Sources */ = {isa = PBXBuildFile; fileRef = 3896BC042847BBE40043BD6A /* LoginViewController.swift */; };
		3896BC082847BBE40043BD6A /* Main.storyboard in Resources */ = {isa = PBXBuildFile; fileRef = 3896BC062847BBE40043BD6A /* Main.storyboard */; };
		3896BC0A2847BBE60043BD6A /* Assets.xcassets in Resources */ = {isa = PBXBuildFile; fileRef = 3896BC092847BBE60043BD6A /* Assets.xcassets */; };
		3896BC0D2847BBE60043BD6A /* LaunchScreen.storyboard in Resources */ = {isa = PBXBuildFile; fileRef = 3896BC0B2847BBE60043BD6A /* LaunchScreen.storyboard */; };
		3896BC182847C2B00043BD6A /* CreateAccViewController.swift in Sources */ = {isa = PBXBuildFile; fileRef = 3896BC172847C2B00043BD6A /* CreateAccViewController.swift */; };
		3896BC1A2847C2CD0043BD6A /* PasswordRecoveryViewController.swift in Sources */ = {isa = PBXBuildFile; fileRef = 3896BC192847C2CD0043BD6A /* PasswordRecoveryViewController.swift */; };
		389C8F6828892D3900A8DB56 /* FilterViewControllerDelegate.swift in Sources */ = {isa = PBXBuildFile; fileRef = 389C8F6728892D3900A8DB56 /* FilterViewControllerDelegate.swift */; };
		389C8F6A28892DA800A8DB56 /* MarkerInfoViewDelegate.swift in Sources */ = {isa = PBXBuildFile; fileRef = 389C8F6928892DA800A8DB56 /* MarkerInfoViewDelegate.swift */; };
		389C8F6C28892E2000A8DB56 /* GMSAutocompleteResultsViewControllerDelegate.swift in Sources */ = {isa = PBXBuildFile; fileRef = 389C8F6B28892E2000A8DB56 /* GMSAutocompleteResultsViewControllerDelegate.swift */; };
		389C8F6E288935AC00A8DB56 /* UIGestureRecognizerDelegate + extension AccountViewController.swift in Sources */ = {isa = PBXBuildFile; fileRef = 389C8F6D288935AC00A8DB56 /* UIGestureRecognizerDelegate + extension AccountViewController.swift */; };
		38D4A232286085B500A435CB /* UIView + extensions.swift in Sources */ = {isa = PBXBuildFile; fileRef = 38D4A231286085B500A435CB /* UIView + extensions.swift */; };
		7B6F6170C2A3951F978787E4 /* Pods_Diplom_project.framework in Frameworks */ = {isa = PBXBuildFile; fileRef = 28BA31D8DEB70B594B725DDF /* Pods_Diplom_project.framework */; };
/* End PBXBuildFile section */

/* Begin PBXFileReference section */
		28BA31D8DEB70B594B725DDF /* Pods_Diplom_project.framework */ = {isa = PBXFileReference; explicitFileType = wrapper.framework; includeInIndex = 0; path = Pods_Diplom_project.framework; sourceTree = BUILT_PRODUCTS_DIR; };
		383D2A20287C65DD00DAC25A /* PlaceViewController.swift */ = {isa = PBXFileReference; lastKnownFileType = sourcecode.swift; path = PlaceViewController.swift; sourceTree = "<group>"; };
		3844CEF82858CE8D000427C6 /* Table view.swift */ = {isa = PBXFileReference; lastKnownFileType = sourcecode.swift; path = "Table view.swift"; sourceTree = "<group>"; };
		3844CEFC2859DE7B000427C6 /* MarkerInfoView.swift */ = {isa = PBXFileReference; lastKnownFileType = sourcecode.swift; path = MarkerInfoView.swift; sourceTree = "<group>"; };
		3844CF002859E04D000427C6 /* MarkerInfoView.xib */ = {isa = PBXFileReference; lastKnownFileType = file.xib; path = MarkerInfoView.xib; sourceTree = "<group>"; };
		3864407428647CAE0059939B /* FilterViewController.swift */ = {isa = PBXFileReference; lastKnownFileType = sourcecode.swift; path = FilterViewController.swift; sourceTree = "<group>"; };
		38644076286486040059939B /* CustomCell.swift */ = {isa = PBXFileReference; lastKnownFileType = sourcecode.swift; path = CustomCell.swift; sourceTree = "<group>"; };
		38672309284CC688000EAD14 /* AccountViewController.swift */ = {isa = PBXFileReference; lastKnownFileType = sourcecode.swift; path = AccountViewController.swift; sourceTree = "<group>"; };
		3867230D284E7433000EAD14 /* UITextFieldDelegate.swift */ = {isa = PBXFileReference; lastKnownFileType = sourcecode.swift; path = UITextFieldDelegate.swift; sourceTree = "<group>"; };
		3867230F284F88A7000EAD14 /* ChangePasswordViewController.swift */ = {isa = PBXFileReference; lastKnownFileType = sourcecode.swift; path = ChangePasswordViewController.swift; sourceTree = "<group>"; };
		38809147287315B6001F56BE /* Person.swift */ = {isa = PBXFileReference; lastKnownFileType = sourcecode.swift; path = Person.swift; sourceTree = "<group>"; };
		38809149287315EA001F56BE /* Places.swift */ = {isa = PBXFileReference; lastKnownFileType = sourcecode.swift; path = Places.swift; sourceTree = "<group>"; };
		3880915928743E3F001F56BE /* GoogleService-Info.plist */ = {isa = PBXFileReference; fileEncoding = 4; lastKnownFileType = text.plist.xml; path = "GoogleService-Info.plist"; sourceTree = "<group>"; };
		3880915B28760FE9001F56BE /* FavoritesPlacesViewController.swift */ = {isa = PBXFileReference; lastKnownFileType = sourcecode.swift; path = FavoritesPlacesViewController.swift; sourceTree = "<group>"; };
		3880915D2876E146001F56BE /* VerticalCustomCellForCollectionView.swift */ = {isa = PBXFileReference; lastKnownFileType = sourcecode.swift; path = VerticalCustomCellForCollectionView.swift; sourceTree = "<group>"; };
		3880915F28770E00001F56BE /* HorisontalCustomCellForCollectionView.swift */ = {isa = PBXFileReference; lastKnownFileType = sourcecode.swift; path = HorisontalCustomCellForCollectionView.swift; sourceTree = "<group>"; };
		3891107D2847D49C00EA462B /* MapViewController.swift */ = {isa = PBXFileReference; lastKnownFileType = sourcecode.swift; path = MapViewController.swift; sourceTree = "<group>"; };
		389110802847D4D100EA462B /* GMSMapViewDelegate.swift */ = {isa = PBXFileReference; lastKnownFileType = sourcecode.swift; path = GMSMapViewDelegate.swift; sourceTree = "<group>"; };
		389110822847D4E500EA462B /* CLLocationManagerDelegate.swift */ = {isa = PBXFileReference; lastKnownFileType = sourcecode.swift; path = CLLocationManagerDelegate.swift; sourceTree = "<group>"; };
		389110842847D50200EA462B /* UIGestureRecognizerDelegate.swift */ = {isa = PBXFileReference; lastKnownFileType = sourcecode.swift; path = UIGestureRecognizerDelegate.swift; sourceTree = "<group>"; };
		389110862847D51500EA462B /* TableViewDelegate.swift */ = {isa = PBXFileReference; lastKnownFileType = sourcecode.swift; path = TableViewDelegate.swift; sourceTree = "<group>"; };
		389110902847D6EC00EA462B /* darkStyle.json */ = {isa = PBXFileReference; lastKnownFileType = text.json; path = darkStyle.json; sourceTree = "<group>"; };
		389110922847D72C00EA462B /* lightStyle.json */ = {isa = PBXFileReference; lastKnownFileType = text.json; path = lightStyle.json; sourceTree = "<group>"; };
		389110962848A22C00EA462B /* UIImagePickerControllerDelegate.swift */ = {isa = PBXFileReference; lastKnownFileType = sourcecode.swift; path = UIImagePickerControllerDelegate.swift; sourceTree = "<group>"; };
		3894DEDC286A204D00D52345 /* DataManager.swift */ = {isa = PBXFileReference; lastKnownFileType = sourcecode.swift; path = DataManager.swift; sourceTree = "<group>"; };
		3896BBFD2847BBE40043BD6A /* Diplom-project.app */ = {isa = PBXFileReference; explicitFileType = wrapper.application; includeInIndex = 0; path = "Diplom-project.app"; sourceTree = BUILT_PRODUCTS_DIR; };
		3896BC002847BBE40043BD6A /* AppDelegate.swift */ = {isa = PBXFileReference; lastKnownFileType = sourcecode.swift; path = AppDelegate.swift; sourceTree = "<group>"; };
		3896BC022847BBE40043BD6A /* SceneDelegate.swift */ = {isa = PBXFileReference; lastKnownFileType = sourcecode.swift; path = SceneDelegate.swift; sourceTree = "<group>"; };
		3896BC042847BBE40043BD6A /* LoginViewController.swift */ = {isa = PBXFileReference; lastKnownFileType = sourcecode.swift; path = LoginViewController.swift; sourceTree = "<group>"; };
		3896BC072847BBE40043BD6A /* Base */ = {isa = PBXFileReference; lastKnownFileType = file.storyboard; name = Base; path = Base.lproj/Main.storyboard; sourceTree = "<group>"; };
		3896BC092847BBE60043BD6A /* Assets.xcassets */ = {isa = PBXFileReference; lastKnownFileType = folder.assetcatalog; path = Assets.xcassets; sourceTree = "<group>"; };
		3896BC0C2847BBE60043BD6A /* Base */ = {isa = PBXFileReference; lastKnownFileType = file.storyboard; name = Base; path = Base.lproj/LaunchScreen.storyboard; sourceTree = "<group>"; };
		3896BC0E2847BBE60043BD6A /* Info.plist */ = {isa = PBXFileReference; lastKnownFileType = text.plist.xml; path = Info.plist; sourceTree = "<group>"; };
		3896BC172847C2B00043BD6A /* CreateAccViewController.swift */ = {isa = PBXFileReference; lastKnownFileType = sourcecode.swift; path = CreateAccViewController.swift; sourceTree = "<group>"; };
		3896BC192847C2CD0043BD6A /* PasswordRecoveryViewController.swift */ = {isa = PBXFileReference; lastKnownFileType = sourcecode.swift; path = PasswordRecoveryViewController.swift; sourceTree = "<group>"; };
		389C8F6728892D3900A8DB56 /* FilterViewControllerDelegate.swift */ = {isa = PBXFileReference; lastKnownFileType = sourcecode.swift; path = FilterViewControllerDelegate.swift; sourceTree = "<group>"; };
		389C8F6928892DA800A8DB56 /* MarkerInfoViewDelegate.swift */ = {isa = PBXFileReference; lastKnownFileType = sourcecode.swift; path = MarkerInfoViewDelegate.swift; sourceTree = "<group>"; };
		389C8F6B28892E2000A8DB56 /* GMSAutocompleteResultsViewControllerDelegate.swift */ = {isa = PBXFileReference; lastKnownFileType = sourcecode.swift; path = GMSAutocompleteResultsViewControllerDelegate.swift; sourceTree = "<group>"; };
		389C8F6D288935AC00A8DB56 /* UIGestureRecognizerDelegate + extension AccountViewController.swift */ = {isa = PBXFileReference; lastKnownFileType = sourcecode.swift; path = "UIGestureRecognizerDelegate + extension AccountViewController.swift"; sourceTree = "<group>"; };
		38D4A231286085B500A435CB /* UIView + extensions.swift */ = {isa = PBXFileReference; lastKnownFileType = sourcecode.swift; path = "UIView + extensions.swift"; sourceTree = "<group>"; };
		704F35CCE4221318E82C376F /* Pods-Diplom-project.release.xcconfig */ = {isa = PBXFileReference; includeInIndex = 1; lastKnownFileType = text.xcconfig; name = "Pods-Diplom-project.release.xcconfig"; path = "Target Support Files/Pods-Diplom-project/Pods-Diplom-project.release.xcconfig"; sourceTree = "<group>"; };
		D8BC5AF1388142431BF01899 /* Pods-Diplom-project.debug.xcconfig */ = {isa = PBXFileReference; includeInIndex = 1; lastKnownFileType = text.xcconfig; name = "Pods-Diplom-project.debug.xcconfig"; path = "Target Support Files/Pods-Diplom-project/Pods-Diplom-project.debug.xcconfig"; sourceTree = "<group>"; };
/* End PBXFileReference section */

/* Begin PBXFrameworksBuildPhase section */
		3896BBFA2847BBE40043BD6A /* Frameworks */ = {
			isa = PBXFrameworksBuildPhase;
			buildActionMask = 2147483647;
			files = (
				7B6F6170C2A3951F978787E4 /* Pods_Diplom_project.framework in Frameworks */,
			);
			runOnlyForDeploymentPostprocessing = 0;
		};
/* End PBXFrameworksBuildPhase section */

/* Begin PBXGroup section */
		3880914628731597001F56BE /* Struct */ = {
			isa = PBXGroup;
			children = (
				38809147287315B6001F56BE /* Person.swift */,
				38809149287315EA001F56BE /* Places.swift */,
			);
			path = Struct;
			sourceTree = "<group>";
		};
		3891107F2847D4B300EA462B /* Delegate */ = {
			isa = PBXGroup;
			children = (
				389110962848A22C00EA462B /* UIImagePickerControllerDelegate.swift */,
				3867230D284E7433000EAD14 /* UITextFieldDelegate.swift */,
				38D4A231286085B500A435CB /* UIView + extensions.swift */,
				3894DEDC286A204D00D52345 /* DataManager.swift */,
				389C8F6D288935AC00A8DB56 /* UIGestureRecognizerDelegate + extension AccountViewController.swift */,
			);
			path = Delegate;
			sourceTree = "<group>";
		};
		3891108C2847D62B00EA462B /* jsonStyle */ = {
			isa = PBXGroup;
			children = (
				389110902847D6EC00EA462B /* darkStyle.json */,
				389110922847D72C00EA462B /* lightStyle.json */,
			);
			path = jsonStyle;
			sourceTree = "<group>";
		};
		3896BBF42847BBE40043BD6A = {
			isa = PBXGroup;
			children = (
				3896BBFF2847BBE40043BD6A /* Diplom-project */,
				3896BBFE2847BBE40043BD6A /* Products */,
				E5B22C299D036A5E9358E1DE /* Pods */,
				CD69C83CD67A8B469EFF549E /* Frameworks */,
			);
			sourceTree = "<group>";
		};
		3896BBFE2847BBE40043BD6A /* Products */ = {
			isa = PBXGroup;
			children = (
				3896BBFD2847BBE40043BD6A /* Diplom-project.app */,
			);
			name = Products;
			sourceTree = "<group>";
		};
		3896BBFF2847BBE40043BD6A /* Diplom-project */ = {
			isa = PBXGroup;
			children = (
				3896BC162847C14D0043BD6A /* View Controllers */,
				3891107F2847D4B300EA462B /* Delegate */,
				38D4A23B28624D7700A435CB /* CustomView + xib */,
				389C8F6628892D0600A8DB56 /* Extensions MapViewController */,
				3880914628731597001F56BE /* Struct */,
				3896BC002847BBE40043BD6A /* AppDelegate.swift */,
				3896BC022847BBE40043BD6A /* SceneDelegate.swift */,
				3896BC062847BBE40043BD6A /* Main.storyboard */,
				3896BC092847BBE60043BD6A /* Assets.xcassets */,
				3896BC0B2847BBE60043BD6A /* LaunchScreen.storyboard */,
				3880915928743E3F001F56BE /* GoogleService-Info.plist */,
				3896BC0E2847BBE60043BD6A /* Info.plist */,
				3891108C2847D62B00EA462B /* jsonStyle */,
			);
			path = "Diplom-project";
			sourceTree = "<group>";
		};
		3896BC162847C14D0043BD6A /* View Controllers */ = {
			isa = PBXGroup;
			children = (
				3896BC042847BBE40043BD6A /* LoginViewController.swift */,
				3896BC172847C2B00043BD6A /* CreateAccViewController.swift */,
				3896BC192847C2CD0043BD6A /* PasswordRecoveryViewController.swift */,
				3891107D2847D49C00EA462B /* MapViewController.swift */,
				38672309284CC688000EAD14 /* AccountViewController.swift */,
				3867230F284F88A7000EAD14 /* ChangePasswordViewController.swift */,
				3864407428647CAE0059939B /* FilterViewController.swift */,
				3880915B28760FE9001F56BE /* FavoritesPlacesViewController.swift */,
				383D2A20287C65DD00DAC25A /* PlaceViewController.swift */,
			);
			path = "View Controllers";
			sourceTree = "<group>";
		};
		389C8F6628892D0600A8DB56 /* Extensions MapViewController */ = {
			isa = PBXGroup;
			children = (
				389110802847D4D100EA462B /* GMSMapViewDelegate.swift */,
				389110822847D4E500EA462B /* CLLocationManagerDelegate.swift */,
				389110842847D50200EA462B /* UIGestureRecognizerDelegate.swift */,
				389110862847D51500EA462B /* TableViewDelegate.swift */,
				389C8F6B28892E2000A8DB56 /* GMSAutocompleteResultsViewControllerDelegate.swift */,
				389C8F6728892D3900A8DB56 /* FilterViewControllerDelegate.swift */,
				389C8F6928892DA800A8DB56 /* MarkerInfoViewDelegate.swift */,
			);
			path = "Extensions MapViewController";
			sourceTree = "<group>";
		};
		38D4A23B28624D7700A435CB /* CustomView + xib */ = {
			isa = PBXGroup;
			children = (
				3844CEF82858CE8D000427C6 /* Table view.swift */,
				3844CEFC2859DE7B000427C6 /* MarkerInfoView.swift */,
				3844CF002859E04D000427C6 /* MarkerInfoView.xib */,
				38644076286486040059939B /* CustomCell.swift */,
				3880915D2876E146001F56BE /* VerticalCustomCellForCollectionView.swift */,
				3880915F28770E00001F56BE /* HorisontalCustomCellForCollectionView.swift */,
			);
			path = "CustomView + xib";
			sourceTree = "<group>";
		};
		CD69C83CD67A8B469EFF549E /* Frameworks */ = {
			isa = PBXGroup;
			children = (
				28BA31D8DEB70B594B725DDF /* Pods_Diplom_project.framework */,
			);
			name = Frameworks;
			sourceTree = "<group>";
		};
		E5B22C299D036A5E9358E1DE /* Pods */ = {
			isa = PBXGroup;
			children = (
				D8BC5AF1388142431BF01899 /* Pods-Diplom-project.debug.xcconfig */,
				704F35CCE4221318E82C376F /* Pods-Diplom-project.release.xcconfig */,
			);
			path = Pods;
			sourceTree = "<group>";
		};
/* End PBXGroup section */

/* Begin PBXNativeTarget section */
		3896BBFC2847BBE40043BD6A /* Diplom-project */ = {
			isa = PBXNativeTarget;
			buildConfigurationList = 3896BC112847BBE60043BD6A /* Build configuration list for PBXNativeTarget "Diplom-project" */;
			buildPhases = (
				14E14C07E40B0DB74464909B /* [CP] Check Pods Manifest.lock */,
				3896BBF92847BBE40043BD6A /* Sources */,
				3896BBFA2847BBE40043BD6A /* Frameworks */,
				3896BBFB2847BBE40043BD6A /* Resources */,
				B15E7B53634646FC92C748A4 /* [CP] Embed Pods Frameworks */,
				EB12D1988B67EC96509558FF /* [CP] Copy Pods Resources */,
			);
			buildRules = (
			);
			dependencies = (
			);
			name = "Diplom-project";
			productName = "Diplom-project";
			productReference = 3896BBFD2847BBE40043BD6A /* Diplom-project.app */;
			productType = "com.apple.product-type.application";
		};
/* End PBXNativeTarget section */

/* Begin PBXProject section */
		3896BBF52847BBE40043BD6A /* Project object */ = {
			isa = PBXProject;
			attributes = {
				BuildIndependentTargetsInParallel = 1;
				LastSwiftUpdateCheck = 1340;
				LastUpgradeCheck = 1340;
				TargetAttributes = {
					3896BBFC2847BBE40043BD6A = {
						CreatedOnToolsVersion = 13.4;
					};
				};
			};
			buildConfigurationList = 3896BBF82847BBE40043BD6A /* Build configuration list for PBXProject "Diplom-project" */;
			compatibilityVersion = "Xcode 13.0";
			developmentRegion = en;
			hasScannedForEncodings = 0;
			knownRegions = (
				en,
				Base,
			);
			mainGroup = 3896BBF42847BBE40043BD6A;
			productRefGroup = 3896BBFE2847BBE40043BD6A /* Products */;
			projectDirPath = "";
			projectRoot = "";
			targets = (
				3896BBFC2847BBE40043BD6A /* Diplom-project */,
			);
		};
/* End PBXProject section */

/* Begin PBXResourcesBuildPhase section */
		3896BBFB2847BBE40043BD6A /* Resources */ = {
			isa = PBXResourcesBuildPhase;
			buildActionMask = 2147483647;
			files = (
				3896BC0D2847BBE60043BD6A /* LaunchScreen.storyboard in Resources */,
				389110912847D6EC00EA462B /* darkStyle.json in Resources */,
				3896BC0A2847BBE60043BD6A /* Assets.xcassets in Resources */,
				389110932847D72C00EA462B /* lightStyle.json in Resources */,
				3896BC082847BBE40043BD6A /* Main.storyboard in Resources */,
				3844CF012859E04D000427C6 /* MarkerInfoView.xib in Resources */,
				3880915A28743E3F001F56BE /* GoogleService-Info.plist in Resources */,
			);
			runOnlyForDeploymentPostprocessing = 0;
		};
/* End PBXResourcesBuildPhase section */

/* Begin PBXShellScriptBuildPhase section */
		14E14C07E40B0DB74464909B /* [CP] Check Pods Manifest.lock */ = {
			isa = PBXShellScriptBuildPhase;
			buildActionMask = 2147483647;
			files = (
			);
			inputFileListPaths = (
			);
			inputPaths = (
				"${PODS_PODFILE_DIR_PATH}/Podfile.lock",
				"${PODS_ROOT}/Manifest.lock",
			);
			name = "[CP] Check Pods Manifest.lock";
			outputFileListPaths = (
			);
			outputPaths = (
				"$(DERIVED_FILE_DIR)/Pods-Diplom-project-checkManifestLockResult.txt",
			);
			runOnlyForDeploymentPostprocessing = 0;
			shellPath = /bin/sh;
			shellScript = "diff \"${PODS_PODFILE_DIR_PATH}/Podfile.lock\" \"${PODS_ROOT}/Manifest.lock\" > /dev/null\nif [ $? != 0 ] ; then\n    # print error to STDERR\n    echo \"error: The sandbox is not in sync with the Podfile.lock. Run 'pod install' or update your CocoaPods installation.\" >&2\n    exit 1\nfi\n# This output is used by Xcode 'outputs' to avoid re-running this script phase.\necho \"SUCCESS\" > \"${SCRIPT_OUTPUT_FILE_0}\"\n";
			showEnvVarsInLog = 0;
		};
		B15E7B53634646FC92C748A4 /* [CP] Embed Pods Frameworks */ = {
			isa = PBXShellScriptBuildPhase;
			buildActionMask = 2147483647;
			files = (
			);
			inputFileListPaths = (
				"${PODS_ROOT}/Target Support Files/Pods-Diplom-project/Pods-Diplom-project-frameworks-${CONFIGURATION}-input-files.xcfilelist",
			);
			name = "[CP] Embed Pods Frameworks";
			outputFileListPaths = (
				"${PODS_ROOT}/Target Support Files/Pods-Diplom-project/Pods-Diplom-project-frameworks-${CONFIGURATION}-output-files.xcfilelist",
			);
			runOnlyForDeploymentPostprocessing = 0;
			shellPath = /bin/sh;
			shellScript = "\"${PODS_ROOT}/Target Support Files/Pods-Diplom-project/Pods-Diplom-project-frameworks.sh\"\n";
			showEnvVarsInLog = 0;
		};
		EB12D1988B67EC96509558FF /* [CP] Copy Pods Resources */ = {
			isa = PBXShellScriptBuildPhase;
			buildActionMask = 2147483647;
			files = (
			);
			inputFileListPaths = (
				"${PODS_ROOT}/Target Support Files/Pods-Diplom-project/Pods-Diplom-project-resources-${CONFIGURATION}-input-files.xcfilelist",
			);
			name = "[CP] Copy Pods Resources";
			outputFileListPaths = (
				"${PODS_ROOT}/Target Support Files/Pods-Diplom-project/Pods-Diplom-project-resources-${CONFIGURATION}-output-files.xcfilelist",
			);
			runOnlyForDeploymentPostprocessing = 0;
			shellPath = /bin/sh;
			shellScript = "\"${PODS_ROOT}/Target Support Files/Pods-Diplom-project/Pods-Diplom-project-resources.sh\"\n";
			showEnvVarsInLog = 0;
		};
/* End PBXShellScriptBuildPhase section */

/* Begin PBXSourcesBuildPhase section */
		3896BBF92847BBE40043BD6A /* Sources */ = {
			isa = PBXSourcesBuildPhase;
			buildActionMask = 2147483647;
			files = (
				3864407528647CAE0059939B /* FilterViewController.swift in Sources */,
				389110872847D51500EA462B /* TableViewDelegate.swift in Sources */,
				38644077286486040059939B /* CustomCell.swift in Sources */,
				389110832847D4E500EA462B /* CLLocationManagerDelegate.swift in Sources */,
				3844CEF92858CE8D000427C6 /* Table view.swift in Sources */,
				3894DEDD286A204D00D52345 /* DataManager.swift in Sources */,
				3880915C28760FE9001F56BE /* FavoritesPlacesViewController.swift in Sources */,
				389C8F6828892D3900A8DB56 /* FilterViewControllerDelegate.swift in Sources */,
				389C8F6E288935AC00A8DB56 /* UIGestureRecognizerDelegate + extension AccountViewController.swift in Sources */,
				3844CEFD2859DE7B000427C6 /* MarkerInfoView.swift in Sources */,
				383D2A21287C65DE00DAC25A /* PlaceViewController.swift in Sources */,
				3867230A284CC688000EAD14 /* AccountViewController.swift in Sources */,
				3896BC052847BBE40043BD6A /* LoginViewController.swift in Sources */,
				3891107E2847D49D00EA462B /* MapViewController.swift in Sources */,
				3880916028770E00001F56BE /* HorisontalCustomCellForCollectionView.swift in Sources */,
				3880915E2876E146001F56BE /* VerticalCustomCellForCollectionView.swift in Sources */,
				389110972848A22C00EA462B /* UIImagePickerControllerDelegate.swift in Sources */,
				3896BC012847BBE40043BD6A /* AppDelegate.swift in Sources */,
				389110812847D4D100EA462B /* GMSMapViewDelegate.swift in Sources */,
				38809148287315B6001F56BE /* Person.swift in Sources */,
				38D4A232286085B500A435CB /* UIView + extensions.swift in Sources */,
				38672310284F88A7000EAD14 /* ChangePasswordViewController.swift in Sources */,
				389110852847D50200EA462B /* UIGestureRecognizerDelegate.swift in Sources */,
				3867230E284E7433000EAD14 /* UITextFieldDelegate.swift in Sources */,
				3896BC182847C2B00043BD6A /* CreateAccViewController.swift in Sources */,
				389C8F6A28892DA800A8DB56 /* MarkerInfoViewDelegate.swift in Sources */,
				3896BC1A2847C2CD0043BD6A /* PasswordRecoveryViewController.swift in Sources */,
				3896BC032847BBE40043BD6A /* SceneDelegate.swift in Sources */,
				3880914A287315EA001F56BE /* Places.swift in Sources */,
				389C8F6C28892E2000A8DB56 /* GMSAutocompleteResultsViewControllerDelegate.swift in Sources */,
			);
			runOnlyForDeploymentPostprocessing = 0;
		};
/* End PBXSourcesBuildPhase section */

/* Begin PBXVariantGroup section */
		3896BC062847BBE40043BD6A /* Main.storyboard */ = {
			isa = PBXVariantGroup;
			children = (
				3896BC072847BBE40043BD6A /* Base */,
			);
			name = Main.storyboard;
			sourceTree = "<group>";
		};
		3896BC0B2847BBE60043BD6A /* LaunchScreen.storyboard */ = {
			isa = PBXVariantGroup;
			children = (
				3896BC0C2847BBE60043BD6A /* Base */,
			);
			name = LaunchScreen.storyboard;
			sourceTree = "<group>";
		};
/* End PBXVariantGroup section */

/* Begin XCBuildConfiguration section */
		3896BC0F2847BBE60043BD6A /* Debug */ = {
			isa = XCBuildConfiguration;
			buildSettings = {
				ALWAYS_SEARCH_USER_PATHS = NO;
				CLANG_ANALYZER_NONNULL = YES;
				CLANG_ANALYZER_NUMBER_OBJECT_CONVERSION = YES_AGGRESSIVE;
				CLANG_CXX_LANGUAGE_STANDARD = "gnu++17";
				CLANG_ENABLE_MODULES = YES;
				CLANG_ENABLE_OBJC_ARC = YES;
				CLANG_ENABLE_OBJC_WEAK = YES;
				CLANG_WARN_BLOCK_CAPTURE_AUTORELEASING = YES;
				CLANG_WARN_BOOL_CONVERSION = YES;
				CLANG_WARN_COMMA = YES;
				CLANG_WARN_CONSTANT_CONVERSION = YES;
				CLANG_WARN_DEPRECATED_OBJC_IMPLEMENTATIONS = YES;
				CLANG_WARN_DIRECT_OBJC_ISA_USAGE = YES_ERROR;
				CLANG_WARN_DOCUMENTATION_COMMENTS = YES;
				CLANG_WARN_EMPTY_BODY = YES;
				CLANG_WARN_ENUM_CONVERSION = YES;
				CLANG_WARN_INFINITE_RECURSION = YES;
				CLANG_WARN_INT_CONVERSION = YES;
				CLANG_WARN_NON_LITERAL_NULL_CONVERSION = YES;
				CLANG_WARN_OBJC_IMPLICIT_RETAIN_SELF = YES;
				CLANG_WARN_OBJC_LITERAL_CONVERSION = YES;
				CLANG_WARN_OBJC_ROOT_CLASS = YES_ERROR;
				CLANG_WARN_QUOTED_INCLUDE_IN_FRAMEWORK_HEADER = YES;
				CLANG_WARN_RANGE_LOOP_ANALYSIS = YES;
				CLANG_WARN_STRICT_PROTOTYPES = YES;
				CLANG_WARN_SUSPICIOUS_MOVE = YES;
				CLANG_WARN_UNGUARDED_AVAILABILITY = YES_AGGRESSIVE;
				CLANG_WARN_UNREACHABLE_CODE = YES;
				CLANG_WARN__DUPLICATE_METHOD_MATCH = YES;
				COPY_PHASE_STRIP = NO;
				DEBUG_INFORMATION_FORMAT = dwarf;
				ENABLE_STRICT_OBJC_MSGSEND = YES;
				ENABLE_TESTABILITY = YES;
				"EXCLUDED_ARCHS[sdk=iphonesimulator*]" = arm64;
				GCC_C_LANGUAGE_STANDARD = gnu11;
				GCC_DYNAMIC_NO_PIC = NO;
				GCC_NO_COMMON_BLOCKS = YES;
				GCC_OPTIMIZATION_LEVEL = 0;
				GCC_PREPROCESSOR_DEFINITIONS = (
					"DEBUG=1",
					"$(inherited)",
				);
				GCC_WARN_64_TO_32_BIT_CONVERSION = YES;
				GCC_WARN_ABOUT_RETURN_TYPE = YES_ERROR;
				GCC_WARN_UNDECLARED_SELECTOR = YES;
				GCC_WARN_UNINITIALIZED_AUTOS = YES_AGGRESSIVE;
				GCC_WARN_UNUSED_FUNCTION = YES;
				GCC_WARN_UNUSED_VARIABLE = YES;
				IPHONEOS_DEPLOYMENT_TARGET = 15.5;
				MTL_ENABLE_DEBUG_INFO = INCLUDE_SOURCE;
				MTL_FAST_MATH = YES;
				ONLY_ACTIVE_ARCH = YES;
				SDKROOT = iphoneos;
				SWIFT_ACTIVE_COMPILATION_CONDITIONS = DEBUG;
				SWIFT_OPTIMIZATION_LEVEL = "-Onone";
			};
			name = Debug;
		};
		3896BC102847BBE60043BD6A /* Release */ = {
			isa = XCBuildConfiguration;
			buildSettings = {
				ALWAYS_SEARCH_USER_PATHS = NO;
				CLANG_ANALYZER_NONNULL = YES;
				CLANG_ANALYZER_NUMBER_OBJECT_CONVERSION = YES_AGGRESSIVE;
				CLANG_CXX_LANGUAGE_STANDARD = "gnu++17";
				CLANG_ENABLE_MODULES = YES;
				CLANG_ENABLE_OBJC_ARC = YES;
				CLANG_ENABLE_OBJC_WEAK = YES;
				CLANG_WARN_BLOCK_CAPTURE_AUTORELEASING = YES;
				CLANG_WARN_BOOL_CONVERSION = YES;
				CLANG_WARN_COMMA = YES;
				CLANG_WARN_CONSTANT_CONVERSION = YES;
				CLANG_WARN_DEPRECATED_OBJC_IMPLEMENTATIONS = YES;
				CLANG_WARN_DIRECT_OBJC_ISA_USAGE = YES_ERROR;
				CLANG_WARN_DOCUMENTATION_COMMENTS = YES;
				CLANG_WARN_EMPTY_BODY = YES;
				CLANG_WARN_ENUM_CONVERSION = YES;
				CLANG_WARN_INFINITE_RECURSION = YES;
				CLANG_WARN_INT_CONVERSION = YES;
				CLANG_WARN_NON_LITERAL_NULL_CONVERSION = YES;
				CLANG_WARN_OBJC_IMPLICIT_RETAIN_SELF = YES;
				CLANG_WARN_OBJC_LITERAL_CONVERSION = YES;
				CLANG_WARN_OBJC_ROOT_CLASS = YES_ERROR;
				CLANG_WARN_QUOTED_INCLUDE_IN_FRAMEWORK_HEADER = YES;
				CLANG_WARN_RANGE_LOOP_ANALYSIS = YES;
				CLANG_WARN_STRICT_PROTOTYPES = YES;
				CLANG_WARN_SUSPICIOUS_MOVE = YES;
				CLANG_WARN_UNGUARDED_AVAILABILITY = YES_AGGRESSIVE;
				CLANG_WARN_UNREACHABLE_CODE = YES;
				CLANG_WARN__DUPLICATE_METHOD_MATCH = YES;
				COPY_PHASE_STRIP = NO;
				DEBUG_INFORMATION_FORMAT = "dwarf-with-dsym";
				ENABLE_NS_ASSERTIONS = NO;
				ENABLE_STRICT_OBJC_MSGSEND = YES;
				"EXCLUDED_ARCHS[sdk=iphonesimulator*]" = arm64;
				GCC_C_LANGUAGE_STANDARD = gnu11;
				GCC_NO_COMMON_BLOCKS = YES;
				GCC_WARN_64_TO_32_BIT_CONVERSION = YES;
				GCC_WARN_ABOUT_RETURN_TYPE = YES_ERROR;
				GCC_WARN_UNDECLARED_SELECTOR = YES;
				GCC_WARN_UNINITIALIZED_AUTOS = YES_AGGRESSIVE;
				GCC_WARN_UNUSED_FUNCTION = YES;
				GCC_WARN_UNUSED_VARIABLE = YES;
				IPHONEOS_DEPLOYMENT_TARGET = 15.5;
				MTL_ENABLE_DEBUG_INFO = NO;
				MTL_FAST_MATH = YES;
				SDKROOT = iphoneos;
				SWIFT_COMPILATION_MODE = wholemodule;
				SWIFT_OPTIMIZATION_LEVEL = "-O";
				VALIDATE_PRODUCT = YES;
			};
			name = Release;
		};
		3896BC122847BBE60043BD6A /* Debug */ = {
			isa = XCBuildConfiguration;
			baseConfigurationReference = D8BC5AF1388142431BF01899 /* Pods-Diplom-project.debug.xcconfig */;
			buildSettings = {
				ASSETCATALOG_COMPILER_APPICON_NAME = AppIcon;
				ASSETCATALOG_COMPILER_GLOBAL_ACCENT_COLOR_NAME = AccentColor;
				CODE_SIGN_STYLE = Automatic;
				CURRENT_PROJECT_VERSION = 1;
				DEVELOPMENT_TEAM = JPN4ML425P;
				GENERATE_INFOPLIST_FILE = YES;
				INFOPLIST_FILE = "Diplom-project/Info.plist";
				INFOPLIST_KEY_NSLocationAlwaysAndWhenInUseUsageDescription = "Your geolocation is used to display your location on the map, build routes, display selected places closest to you.";
				INFOPLIST_KEY_NSLocationWhenInUseUsageDescription = "Your geolocation is used to display your location on the map, build routes, display selected places closest to you.";
				INFOPLIST_KEY_UIApplicationSupportsIndirectInputEvents = YES;
				INFOPLIST_KEY_UILaunchStoryboardName = LaunchScreen;
				INFOPLIST_KEY_UISupportedInterfaceOrientations_iPad = "UIInterfaceOrientationPortrait UIInterfaceOrientationPortraitUpsideDown UIInterfaceOrientationLandscapeLeft UIInterfaceOrientationLandscapeRight";
				INFOPLIST_KEY_UISupportedInterfaceOrientations_iPhone = "UIInterfaceOrientationPortrait UIInterfaceOrientationLandscapeLeft UIInterfaceOrientationLandscapeRight";
				LD_RUNPATH_SEARCH_PATHS = (
					"$(inherited)",
					"@executable_path/Frameworks",
				);
				MARKETING_VERSION = 1.0;
				PRODUCT_BUNDLE_IDENTIFIER = "Tomilo.A.Diplom-project";
				PRODUCT_NAME = "$(TARGET_NAME)";
				SWIFT_EMIT_LOC_STRINGS = YES;
				SWIFT_VERSION = 5.0;
				TARGETED_DEVICE_FAMILY = "1,2";
			};
			name = Debug;
		};
		3896BC132847BBE60043BD6A /* Release */ = {
			isa = XCBuildConfiguration;
			baseConfigurationReference = 704F35CCE4221318E82C376F /* Pods-Diplom-project.release.xcconfig */;
			buildSettings = {
				ASSETCATALOG_COMPILER_APPICON_NAME = AppIcon;
				ASSETCATALOG_COMPILER_GLOBAL_ACCENT_COLOR_NAME = AccentColor;
				CODE_SIGN_STYLE = Automatic;
				CURRENT_PROJECT_VERSION = 1;
				DEVELOPMENT_TEAM = JPN4ML425P;
				GENERATE_INFOPLIST_FILE = YES;
				INFOPLIST_FILE = "Diplom-project/Info.plist";
				INFOPLIST_KEY_NSLocationAlwaysAndWhenInUseUsageDescription = "Your geolocation is used to display your location on the map, build routes, display selected places closest to you.";
				INFOPLIST_KEY_NSLocationWhenInUseUsageDescription = "Your geolocation is used to display your location on the map, build routes, display selected places closest to you.";
				INFOPLIST_KEY_UIApplicationSupportsIndirectInputEvents = YES;
				INFOPLIST_KEY_UILaunchStoryboardName = LaunchScreen;
				INFOPLIST_KEY_UISupportedInterfaceOrientations_iPad = "UIInterfaceOrientationPortrait UIInterfaceOrientationPortraitUpsideDown UIInterfaceOrientationLandscapeLeft UIInterfaceOrientationLandscapeRight";
				INFOPLIST_KEY_UISupportedInterfaceOrientations_iPhone = "UIInterfaceOrientationPortrait UIInterfaceOrientationLandscapeLeft UIInterfaceOrientationLandscapeRight";
				LD_RUNPATH_SEARCH_PATHS = (
					"$(inherited)",
					"@executable_path/Frameworks",
				);
				MARKETING_VERSION = 1.0;
				PRODUCT_BUNDLE_IDENTIFIER = "Tomilo.A.Diplom-project";
				PRODUCT_NAME = "$(TARGET_NAME)";
				SWIFT_EMIT_LOC_STRINGS = YES;
				SWIFT_VERSION = 5.0;
				TARGETED_DEVICE_FAMILY = "1,2";
			};
			name = Release;
		};
/* End XCBuildConfiguration section */

/* Begin XCConfigurationList section */
		3896BBF82847BBE40043BD6A /* Build configuration list for PBXProject "Diplom-project" */ = {
			isa = XCConfigurationList;
			buildConfigurations = (
				3896BC0F2847BBE60043BD6A /* Debug */,
				3896BC102847BBE60043BD6A /* Release */,
			);
			defaultConfigurationIsVisible = 0;
			defaultConfigurationName = Release;
		};
		3896BC112847BBE60043BD6A /* Build configuration list for PBXNativeTarget "Diplom-project" */ = {
			isa = XCConfigurationList;
			buildConfigurations = (
				3896BC122847BBE60043BD6A /* Debug */,
				3896BC132847BBE60043BD6A /* Release */,
			);
			defaultConfigurationIsVisible = 0;
			defaultConfigurationName = Release;
		};
/* End XCConfigurationList section */
	};
	rootObject = 3896BBF52847BBE40043BD6A /* Project object */;
}
